
Microsoft Visual Studio Solution File, Format Version 12.00
#
Project("{FAE04EC0-301F-11D3-BF4B-00C04F79EFBC}") = "MyReport.Model", "MyReport.Model\MyReport.Model.csproj", "{B87B1FC9-89BF-487C-9752-532126D9BCE2}"
EndProject
Project("{FAE04EC0-301F-11D3-BF4B-00C04F79EFBC}") = "MyReport.Model.Tests", "MyReport.Model.Tests\MyReport.Model.Tests.csproj", "{F87AF2F9-9F20-4044-AE99-906E2C3BBF31}"
EndProject
Project("{FAE04EC0-301F-11D3-BF4B-00C04F79EFBC}") = "MyReport.Renderer.SkiaSharp", "MyReport.Renderer.SkiaSharp\MyReport.Renderer.SkiaSharp.csproj", "{6EBFA556-701E-4278-8A08-641ECCF93037}"
EndProject
Project("{FAE04EC0-301F-11D3-BF4B-00C04F79EFBC}") = "MyReport.FluentDesigner", "MyReport.FluentDesigner\MyReport.FluentDesigner.csproj", "{4159B671-570A-4EA0-A849-B83947F5034A}"
EndProject
Project("{FAE04EC0-301F-11D3-BF4B-00C04F79EFBC}") = "MyReport.Application", "MyReport.Application\MyReport.Application.csproj", "{B0F1B3FF-3C1E-43AB-8CCD-CDD0FFB96414}"
EndProject
Project("{FAE04EC0-301F-11D3-BF4B-00C04F79EFBC}") = "MyReport.Sample", "MyReport.Sample\MyReport.Sample.csproj", "{06C0AB81-9036-4AAA-8454-B467B278C187}"
EndProject
Global
	GlobalSection(SolutionConfigurationPlatforms) = preSolution
		Debug|Any CPU = Debug|Any CPU
		Release|Any CPU = Release|Any CPU
	EndGlobalSection
	GlobalSection(ProjectConfigurationPlatforms) = postSolution
		{B87B1FC9-89BF-487C-9752-532126D9BCE2}.Debug|Any CPU.ActiveCfg = Debug|Any CPU
		{B87B1FC9-89BF-487C-9752-532126D9BCE2}.Debug|Any CPU.Build.0 = Debug|Any CPU
		{B87B1FC9-89BF-487C-9752-532126D9BCE2}.Release|Any CPU.ActiveCfg = Release|Any CPU
		{B87B1FC9-89BF-487C-9752-532126D9BCE2}.Release|Any CPU.Build.0 = Release|Any CPU
		{F87AF2F9-9F20-4044-AE99-906E2C3BBF31}.Debug|Any CPU.ActiveCfg = Debug|Any CPU
		{F87AF2F9-9F20-4044-AE99-906E2C3BBF31}.Debug|Any CPU.Build.0 = Debug|Any CPU
		{F87AF2F9-9F20-4044-AE99-906E2C3BBF31}.Release|Any CPU.ActiveCfg = Release|Any CPU
		{F87AF2F9-9F20-4044-AE99-906E2C3BBF31}.Release|Any CPU.Build.0 = Release|Any CPU
		{6EBFA556-701E-4278-8A08-641ECCF93037}.Debug|Any CPU.ActiveCfg = Debug|Any CPU
		{6EBFA556-701E-4278-8A08-641ECCF93037}.Debug|Any CPU.Build.0 = Debug|Any CPU
		{6EBFA556-701E-4278-8A08-641ECCF93037}.Release|Any CPU.ActiveCfg = Release|Any CPU
		{6EBFA556-701E-4278-8A08-641ECCF93037}.Release|Any CPU.Build.0 = Release|Any CPU
		{4159B671-570A-4EA0-A849-B83947F5034A}.Debug|Any CPU.ActiveCfg = Debug|Any CPU
		{4159B671-570A-4EA0-A849-B83947F5034A}.Debug|Any CPU.Build.0 = Debug|Any CPU
		{4159B671-570A-4EA0-A849-B83947F5034A}.Release|Any CPU.ActiveCfg = Release|Any CPU
		{4159B671-570A-4EA0-A849-B83947F5034A}.Release|Any CPU.Build.0 = Release|Any CPU
		{B0F1B3FF-3C1E-43AB-8CCD-CDD0FFB96414}.Debug|Any CPU.ActiveCfg = Debug|Any CPU
		{B0F1B3FF-3C1E-43AB-8CCD-CDD0FFB96414}.Debug|Any CPU.Build.0 = Debug|Any CPU
		{B0F1B3FF-3C1E-43AB-8CCD-CDD0FFB96414}.Release|Any CPU.ActiveCfg = Release|Any CPU
		{B0F1B3FF-3C1E-43AB-8CCD-CDD0FFB96414}.Release|Any CPU.Build.0 = Release|Any CPU
		{06C0AB81-9036-4AAA-8454-B467B278C187}.Debug|Any CPU.ActiveCfg = Debug|Any CPU
		{06C0AB81-9036-4AAA-8454-B467B278C187}.Debug|Any CPU.Build.0 = Debug|Any CPU
		{06C0AB81-9036-4AAA-8454-B467B278C187}.Release|Any CPU.ActiveCfg = Release|Any CPU
		{06C0AB81-9036-4AAA-8454-B467B278C187}.Release|Any CPU.Build.0 = Release|Any CPU
	EndGlobalSection
EndGlobal
